// !$*UTF8*$!
{
	archiveVersion = 1;
	classes = {
	};
	objectVersion = 77;
	objects = {

/* Begin PBXBuildFile section */
		5D8888EA2EDDF1900057C2CF /* FirebaseAnalytics in Frameworks */ = {isa = PBXBuildFile; productRef = 5D8888E92EDDF1900057C2CF /* FirebaseAnalytics */; };
		5D8888EC2EDDF1900057C2CF /* FirebaseAnalyticsCore in Frameworks */ = {isa = PBXBuildFile; productRef = 5D8888EB2EDDF1900057C2CF /* FirebaseAnalyticsCore */; };
		5D8888EE2EDDF1900057C2CF /* FirebaseAnalyticsIdentitySupport in Frameworks */ = {isa = PBXBuildFile; productRef = 5D8888ED2EDDF1900057C2CF /* FirebaseAnalyticsIdentitySupport */; };
		5D8888F02EDDF1900057C2CF /* FirebaseAppCheck in Frameworks */ = {isa = PBXBuildFile; productRef = 5D8888EF2EDDF1900057C2CF /* FirebaseAppCheck */; };
		5D8888F22EDDF1900057C2CF /* FirebaseAppDistribution-Beta in Frameworks */ = {isa = PBXBuildFile; productRef = 5D8888F12EDDF1900057C2CF /* FirebaseAppDistribution-Beta */; };
		5D8888F42EDDF1900057C2CF /* FirebaseAuth in Frameworks */ = {isa = PBXBuildFile; productRef = 5D8888F32EDDF1900057C2CF /* FirebaseAuth */; };
		5D8888F62EDDF1900057C2CF /* FirebaseAuthCombine-Community in Frameworks */ = {isa = PBXBuildFile; productRef = 5D8888F52EDDF1900057C2CF /* FirebaseAuthCombine-Community */; };
		5D8888F82EDDF1900057C2CF /* FirebaseCore in Frameworks */ = {isa = PBXBuildFile; productRef = 5D8888F72EDDF1900057C2CF /* FirebaseCore */; };
		5D8888FA2EDDF1900057C2CF /* FirebaseCrashlytics in Frameworks */ = {isa = PBXBuildFile; productRef = 5D8888F92EDDF1900057C2CF /* FirebaseCrashlytics */; };
		5D8888FC2EDDF1900057C2CF /* FirebaseDatabase in Frameworks */ = {isa = PBXBuildFile; productRef = 5D8888FB2EDDF1900057C2CF /* FirebaseDatabase */; };
		5D8888FE2EDDF1900057C2CF /* FirebaseFirestore in Frameworks */ = {isa = PBXBuildFile; productRef = 5D8888FD2EDDF1900057C2CF /* FirebaseFirestore */; };
		5D8889002EDDF1900057C2CF /* FirebaseFirestoreCombine-Community in Frameworks */ = {isa = PBXBuildFile; productRef = 5D8888FF2EDDF1900057C2CF /* FirebaseFirestoreCombine-Community */; };
		5D8889022EDDF1900057C2CF /* FirebaseInstallations in Frameworks */ = {isa = PBXBuildFile; productRef = 5D8889012EDDF1900057C2CF /* FirebaseInstallations */; };
		5D8889042EDDF1900057C2CF /* FirebaseMessaging in Frameworks */ = {isa = PBXBuildFile; productRef = 5D8889032EDDF1900057C2CF /* FirebaseMessaging */; };
		5D8889062EDDF1900057C2CF /* FirebaseRemoteConfig in Frameworks */ = {isa = PBXBuildFile; productRef = 5D8889052EDDF1900057C2CF /* FirebaseRemoteConfig */; };
		5D8889082EDDF1900057C2CF /* FirebaseStorage in Frameworks */ = {isa = PBXBuildFile; productRef = 5D8889072EDDF1900057C2CF /* FirebaseStorage */; };
		5D88890A2EDDF1900057C2CF /* FirebaseStorageCombine-Community in Frameworks */ = {isa = PBXBuildFile; productRef = 5D8889092EDDF1900057C2CF /* FirebaseStorageCombine-Community */; };
		5D8889A92EDF08670057C2CF /* GoogleMobileAds in Frameworks */ = {isa = PBXBuildFile; productRef = 5D8889A82EDF08670057C2CF /* GoogleMobileAds */; };
		5D888A322EE029090057C2CF /* AppTrackingTransparency.framework in Frameworks */ = {isa = PBXBuildFile; fileRef = 5D888A312EE029090057C2CF /* AppTrackingTransparency.framework */; };
		5DBDEF452EE9A9D600B7F9D8 /* AdjustSdk in Frameworks */ = {isa = PBXBuildFile; productRef = 5DBDEF442EE9A9D600B7F9D8 /* AdjustSdk */; };
		5DE395432ED826D000672CDC /* Lottie in Frameworks */ = {isa = PBXBuildFile; productRef = 5DE395422ED826D000672CDC /* Lottie */; };
/* End PBXBuildFile section */

/* Begin PBXFileReference section */
		5D888A312EE029090057C2CF /* AppTrackingTransparency.framework */ = {isa = PBXFileReference; lastKnownFileType = wrapper.framework; name = AppTrackingTransparency.framework; path = System/Library/Frameworks/AppTrackingTransparency.framework; sourceTree = SDKROOT; };
		5DE395282ED824A300672CDC /* Metal Detector.app */ = {isa = PBXFileReference; explicitFileType = wrapper.application; includeInIndex = 0; path = "Metal Detector.app"; sourceTree = BUILT_PRODUCTS_DIR; };
/* End PBXFileReference section */

/* Begin PBXFileSystemSynchronizedRootGroup section */
		5DE3952A2ED824A300672CDC /* Metal Detector IOS */ = {
			isa = PBXFileSystemSynchronizedRootGroup;
			path = "Metal Detector IOS";
			sourceTree = "<group>";
		};
/* End PBXFileSystemSynchronizedRootGroup section */

/* Begin PBXFrameworksBuildPhase section */
		5DE395252ED824A300672CDC /* Frameworks */ = {
			isa = PBXFrameworksBuildPhase;
			buildActionMask = 2147483647;
			files = (
				5DBDEF452EE9A9D600B7F9D8 /* AdjustSdk in Frameworks */,
				5D8889002EDDF1900057C2CF /* FirebaseFirestoreCombine-Community in Frameworks */,
				5D8889A92EDF08670057C2CF /* GoogleMobileAds in Frameworks */,
				5D8889022EDDF1900057C2CF /* FirebaseInstallations in Frameworks */,
				5D8888EE2EDDF1900057C2CF /* FirebaseAnalyticsIdentitySupport in Frameworks */,
				5D8888EA2EDDF1900057C2CF /* FirebaseAnalytics in Frameworks */,
				5D888A322EE029090057C2CF /* AppTrackingTransparency.framework in Frameworks */,
				5D8888EC2EDDF1900057C2CF /* FirebaseAnalyticsCore in Frameworks */,
				5D8888F02EDDF1900057C2CF /* FirebaseAppCheck in Frameworks */,
				5DE395432ED826D000672CDC /* Lottie in Frameworks */,
				5D8889062EDDF1900057C2CF /* FirebaseRemoteConfig in Frameworks */,
				5D8888FE2EDDF1900057C2CF /* FirebaseFirestore in Frameworks */,
				5D8888F42EDDF1900057C2CF /* FirebaseAuth in Frameworks */,
				5D8888F22EDDF1900057C2CF /* FirebaseAppDistribution-Beta in Frameworks */,
				5D8888FA2EDDF1900057C2CF /* FirebaseCrashlytics in Frameworks */,
				5D8889082EDDF1900057C2CF /* FirebaseStorage in Frameworks */,
				5D8888FC2EDDF1900057C2CF /* FirebaseDatabase in Frameworks */,
				5D8889042EDDF1900057C2CF /* FirebaseMessaging in Frameworks */,
				5D8888F82EDDF1900057C2CF /* FirebaseCore in Frameworks */,
				5D88890A2EDDF1900057C2CF /* FirebaseStorageCombine-Community in Frameworks */,
				5D8888F62EDDF1900057C2CF /* FirebaseAuthCombine-Community in Frameworks */,
			);
			runOnlyForDeploymentPostprocessing = 0;
		};
/* End PBXFrameworksBuildPhase section */

/* Begin PBXGroup section */
		5D888A302EE029090057C2CF /* Frameworks */ = {
			isa = PBXGroup;
			children = (
				5D888A312EE029090057C2CF /* AppTrackingTransparency.framework */,
			);
			name = Frameworks;
			sourceTree = "<group>";
		};
		5DE3951F2ED824A300672CDC = {
			isa = PBXGroup;
			children = (
				5DE3952A2ED824A300672CDC /* Metal Detector IOS */,
				5D888A302EE029090057C2CF /* Frameworks */,
				5DE395292ED824A300672CDC /* Products */,
			);
			sourceTree = "<group>";
		};
		5DE395292ED824A300672CDC /* Products */ = {
			isa = PBXGroup;
			children = (
				5DE395282ED824A300672CDC /* Metal Detector.app */,
			);
			name = Products;
			sourceTree = "<group>";
		};
/* End PBXGroup section */

/* Begin PBXNativeTarget section */
		5DE395272ED824A300672CDC /* Metal Detector */ = {
			isa = PBXNativeTarget;
			buildConfigurationList = 5DE395332ED824A400672CDC /* Build configuration list for PBXNativeTarget "Metal Detector" */;
			buildPhases = (
				5DE395242ED824A300672CDC /* Sources */,
				5DE395252ED824A300672CDC /* Frameworks */,
				5DE395262ED824A300672CDC /* Resources */,
			);
			buildRules = (
			);
			dependencies = (
			);
			fileSystemSynchronizedGroups = (
				5DE3952A2ED824A300672CDC /* Metal Detector IOS */,
			);
			name = "Metal Detector";
			packageProductDependencies = (
				5DE395422ED826D000672CDC /* Lottie */,
				5D8888E92EDDF1900057C2CF /* FirebaseAnalytics */,
				5D8888EB2EDDF1900057C2CF /* FirebaseAnalyticsCore */,
				5D8888ED2EDDF1900057C2CF /* FirebaseAnalyticsIdentitySupport */,
				5D8888EF2EDDF1900057C2CF /* FirebaseAppCheck */,
				5D8888F12EDDF1900057C2CF /* FirebaseAppDistribution-Beta */,
				5D8888F32EDDF1900057C2CF /* FirebaseAuth */,
				5D8888F52EDDF1900057C2CF /* FirebaseAuthCombine-Community */,
				5D8888F72EDDF1900057C2CF /* FirebaseCore */,
				5D8888F92EDDF1900057C2CF /* FirebaseCrashlytics */,
				5D8888FB2EDDF1900057C2CF /* FirebaseDatabase */,
				5D8888FD2EDDF1900057C2CF /* FirebaseFirestore */,
				5D8888FF2EDDF1900057C2CF /* FirebaseFirestoreCombine-Community */,
				5D8889012EDDF1900057C2CF /* FirebaseInstallations */,
				5D8889032EDDF1900057C2CF /* FirebaseMessaging */,
				5D8889052EDDF1900057C2CF /* FirebaseRemoteConfig */,
				5D8889072EDDF1900057C2CF /* FirebaseStorage */,
				5D8889092EDDF1900057C2CF /* FirebaseStorageCombine-Community */,
				5D8889A82EDF08670057C2CF /* GoogleMobileAds */,
				5DBDEF442EE9A9D600B7F9D8 /* AdjustSdk */,
			);
			productName = "Metal Detector IOS";
			productReference = 5DE395282ED824A300672CDC /* Metal Detector.app */;
			productType = "com.apple.product-type.application";
		};
/* End PBXNativeTarget section */

/* Begin PBXProject section */
		5DE395202ED824A300672CDC /* Project object */ = {
			isa = PBXProject;
			attributes = {
				BuildIndependentTargetsInParallel = 1;
				LastSwiftUpdateCheck = 2610;
				LastUpgradeCheck = 2610;
				TargetAttributes = {
					5DE395272ED824A300672CDC = {
						CreatedOnToolsVersion = 26.1;
					};
				};
			};
			buildConfigurationList = 5DE395232ED824A300672CDC /* Build configuration list for PBXProject "Metal Detector IOS" */;
			developmentRegion = en;
			hasScannedForEncodings = 0;
			knownRegions = (
				en,
				Base,
				fr,
				pl,
				vi,
				"zh-Hans",
				"zh-Hant",
				id,
				de,
				it,
				es,
				"pt-PT",
				tr,
				ja,
				ko,
				th,
				ar,
				hi,
				ms,
				fil,
				pt,
			);
			mainGroup = 5DE3951F2ED824A300672CDC;
			minimizedProjectReferenceProxies = 1;
			packageReferences = (
				5DE395412ED826D000672CDC /* XCRemoteSwiftPackageReference "lottie-spm" */,
				5D8888E82EDDF1900057C2CF /* XCRemoteSwiftPackageReference "firebase-ios-sdk" */,
				5D8889A72EDF08670057C2CF /* XCRemoteSwiftPackageReference "swift-package-manager-google-mobile-ads" */,
				5DBDEF432EE9A9D600B7F9D8 /* XCRemoteSwiftPackageReference "ios_sdk" */,
			);
			preferredProjectObjectVersion = 77;
			productRefGroup = 5DE395292ED824A300672CDC /* Products */;
			projectDirPath = "";
			projectRoot = "";
			targets = (
				5DE395272ED824A300672CDC /* Metal Detector */,
			);
		};
/* End PBXProject section */

/* Begin PBXResourcesBuildPhase section */
		5DE395262ED824A300672CDC /* Resources */ = {
			isa = PBXResourcesBuildPhase;
			buildActionMask = 2147483647;
			files = (
			);
			runOnlyForDeploymentPostprocessing = 0;
		};
/* End PBXResourcesBuildPhase section */

/* Begin PBXSourcesBuildPhase section */
		5DE395242ED824A300672CDC /* Sources */ = {
			isa = PBXSourcesBuildPhase;
			buildActionMask = 2147483647;
			files = (
			);
			runOnlyForDeploymentPostprocessing = 0;
		};
/* End PBXSourcesBuildPhase section */

/* Begin XCBuildConfiguration section */
		5DE395312ED824A400672CDC /* Debug */ = {
			isa = XCBuildConfiguration;
			buildSettings = {
				ALWAYS_SEARCH_USER_PATHS = NO;
				ASSETCATALOG_COMPILER_GENERATE_SWIFT_ASSET_SYMBOL_EXTENSIONS = YES;
				CLANG_ANALYZER_NONNULL = YES;
				CLANG_ANALYZER_NUMBER_OBJECT_CONVERSION = YES_AGGRESSIVE;
				CLANG_CXX_LANGUAGE_STANDARD = "gnu++20";
				CLANG_ENABLE_MODULES = YES;
				CLANG_ENABLE_OBJC_ARC = YES;
				CLANG_ENABLE_OBJC_WEAK = YES;
				CLANG_WARN_BLOCK_CAPTURE_AUTORELEASING = YES;
				CLANG_WARN_BOOL_CONVERSION = YES;
				CLANG_WARN_COMMA = YES;
				CLANG_WARN_CONSTANT_CONVERSION = YES;
				CLANG_WARN_DEPRECATED_OBJC_IMPLEMENTATIONS = YES;
				CLANG_WARN_DIRECT_OBJC_ISA_USAGE = YES_ERROR;
				CLANG_WARN_DOCUMENTATION_COMMENTS = YES;
				CLANG_WARN_EMPTY_BODY = YES;
				CLANG_WARN_ENUM_CONVERSION = YES;
				CLANG_WARN_INFINITE_RECURSION = YES;
				CLANG_WARN_INT_CONVERSION = YES;
				CLANG_WARN_NON_LITERAL_NULL_CONVERSION = YES;
				CLANG_WARN_OBJC_IMPLICIT_RETAIN_SELF = YES;
				CLANG_WARN_OBJC_LITERAL_CONVERSION = YES;
				CLANG_WARN_OBJC_ROOT_CLASS = YES_ERROR;
				CLANG_WARN_QUOTED_INCLUDE_IN_FRAMEWORK_HEADER = YES;
				CLANG_WARN_RANGE_LOOP_ANALYSIS = YES;
				CLANG_WARN_STRICT_PROTOTYPES = YES;
				CLANG_WARN_SUSPICIOUS_MOVE = YES;
				CLANG_WARN_UNGUARDED_AVAILABILITY = YES_AGGRESSIVE;
				CLANG_WARN_UNREACHABLE_CODE = YES;
				CLANG_WARN__DUPLICATE_METHOD_MATCH = YES;
				COPY_PHASE_STRIP = NO;
				DEBUG_INFORMATION_FORMAT = dwarf;
				DEVELOPMENT_TEAM = V5QZS9L352;
				ENABLE_STRICT_OBJC_MSGSEND = YES;
				ENABLE_TESTABILITY = YES;
				ENABLE_USER_SCRIPT_SANDBOXING = YES;
				GCC_C_LANGUAGE_STANDARD = gnu17;
				GCC_DYNAMIC_NO_PIC = NO;
				GCC_NO_COMMON_BLOCKS = YES;
				GCC_OPTIMIZATION_LEVEL = 0;
				GCC_PREPROCESSOR_DEFINITIONS = (
					"DEBUG=1",
					"$(inherited)",
				);
				GCC_WARN_64_TO_32_BIT_CONVERSION = YES;
				GCC_WARN_ABOUT_RETURN_TYPE = YES_ERROR;
				GCC_WARN_UNDECLARED_SELECTOR = YES;
				GCC_WARN_UNINITIALIZED_AUTOS = YES_AGGRESSIVE;
				GCC_WARN_UNUSED_FUNCTION = YES;
				GCC_WARN_UNUSED_VARIABLE = YES;
				IPHONEOS_DEPLOYMENT_TARGET = 26.1;
				LOCALIZATION_PREFERS_STRING_CATALOGS = YES;
				MTL_ENABLE_DEBUG_INFO = INCLUDE_SOURCE;
				MTL_FAST_MATH = YES;
				ONLY_ACTIVE_ARCH = YES;
				SDKROOT = iphoneos;
				SWIFT_ACTIVE_COMPILATION_CONDITIONS = "DEBUG $(inherited)";
				SWIFT_OPTIMIZATION_LEVEL = "-Onone";
			};
			name = Debug;
		};
		5DE395322ED824A400672CDC /* Release */ = {
			isa = XCBuildConfiguration;
			buildSettings = {
				ALWAYS_SEARCH_USER_PATHS = NO;
				ASSETCATALOG_COMPILER_GENERATE_SWIFT_ASSET_SYMBOL_EXTENSIONS = YES;
				CLANG_ANALYZER_NONNULL = YES;
				CLANG_ANALYZER_NUMBER_OBJECT_CONVERSION = YES_AGGRESSIVE;
				CLANG_CXX_LANGUAGE_STANDARD = "gnu++20";
				CLANG_ENABLE_MODULES = YES;
				CLANG_ENABLE_OBJC_ARC = YES;
				CLANG_ENABLE_OBJC_WEAK = YES;
				CLANG_WARN_BLOCK_CAPTURE_AUTORELEASING = YES;
				CLANG_WARN_BOOL_CONVERSION = YES;
				CLANG_WARN_COMMA = YES;
				CLANG_WARN_CONSTANT_CONVERSION = YES;
				CLANG_WARN_DEPRECATED_OBJC_IMPLEMENTATIONS = YES;
				CLANG_WARN_DIRECT_OBJC_ISA_USAGE = YES_ERROR;
				CLANG_WARN_DOCUMENTATION_COMMENTS = YES;
				CLANG_WARN_EMPTY_BODY = YES;
				CLANG_WARN_ENUM_CONVERSION = YES;
				CLANG_WARN_INFINITE_RECURSION = YES;
				CLANG_WARN_INT_CONVERSION = YES;
				CLANG_WARN_NON_LITERAL_NULL_CONVERSION = YES;
				CLANG_WARN_OBJC_IMPLICIT_RETAIN_SELF = YES;
				CLANG_WARN_OBJC_LITERAL_CONVERSION = YES;
				CLANG_WARN_OBJC_ROOT_CLASS = YES_ERROR;
				CLANG_WARN_QUOTED_INCLUDE_IN_FRAMEWORK_HEADER = YES;
				CLANG_WARN_RANGE_LOOP_ANALYSIS = YES;
				CLANG_WARN_STRICT_PROTOTYPES = YES;
				CLANG_WARN_SUSPICIOUS_MOVE = YES;
				CLANG_WARN_UNGUARDED_AVAILABILITY = YES_AGGRESSIVE;
				CLANG_WARN_UNREACHABLE_CODE = YES;
				CLANG_WARN__DUPLICATE_METHOD_MATCH = YES;
				COPY_PHASE_STRIP = NO;
				DEBUG_INFORMATION_FORMAT = "dwarf-with-dsym";
				DEVELOPMENT_TEAM = V5QZS9L352;
				ENABLE_NS_ASSERTIONS = NO;
				ENABLE_STRICT_OBJC_MSGSEND = YES;
				ENABLE_USER_SCRIPT_SANDBOXING = YES;
				GCC_C_LANGUAGE_STANDARD = gnu17;
				GCC_NO_COMMON_BLOCKS = YES;
				GCC_WARN_64_TO_32_BIT_CONVERSION = YES;
				GCC_WARN_ABOUT_RETURN_TYPE = YES_ERROR;
				GCC_WARN_UNDECLARED_SELECTOR = YES;
				GCC_WARN_UNINITIALIZED_AUTOS = YES_AGGRESSIVE;
				GCC_WARN_UNUSED_FUNCTION = YES;
				GCC_WARN_UNUSED_VARIABLE = YES;
				IPHONEOS_DEPLOYMENT_TARGET = 26.1;
				LOCALIZATION_PREFERS_STRING_CATALOGS = YES;
				MTL_ENABLE_DEBUG_INFO = NO;
				MTL_FAST_MATH = YES;
				SDKROOT = iphoneos;
				SWIFT_COMPILATION_MODE = wholemodule;
				VALIDATE_PRODUCT = YES;
			};
			name = Release;
		};
		5DE395342ED824A400672CDC /* Debug */ = {
			isa = XCBuildConfiguration;
			buildSettings = {
				ASSETCATALOG_COMPILER_APPICON_NAME = AppIcon;
				ASSETCATALOG_COMPILER_GLOBAL_ACCENT_COLOR_NAME = AccentColor;
				CODE_SIGN_STYLE = Automatic;
				CURRENT_PROJECT_VERSION = 1;
				DEVELOPMENT_TEAM = V5QZS9L352;
				ENABLE_PREVIEWS = YES;
				GENERATE_INFOPLIST_FILE = YES;
				INFOPLIST_FILE = "Metal-Detector-IOS-Info.plist";
				INFOPLIST_KEY_CFBundleDisplayName = "";
				INFOPLIST_KEY_LSApplicationCategoryType = "";
				INFOPLIST_KEY_NSUserTrackingUsageDescription = "We use tracking to show you personalized ads and improve your app experience. Your data helps us provide better content.";
				INFOPLIST_KEY_UIApplicationSceneManifest_Generation = YES;
				INFOPLIST_KEY_UIApplicationSupportsIndirectInputEvents = YES;
				INFOPLIST_KEY_UILaunchScreen_Generation = YES;
				INFOPLIST_KEY_UISupportedInterfaceOrientations_iPad = "UIInterfaceOrientationPortrait UIInterfaceOrientationPortraitUpsideDown UIInterfaceOrientationLandscapeLeft UIInterfaceOrientationLandscapeRight";
				INFOPLIST_KEY_UISupportedInterfaceOrientations_iPhone = "UIInterfaceOrientationPortrait UIInterfaceOrientationLandscapeLeft UIInterfaceOrientationLandscapeRight";
				IPHONEOS_DEPLOYMENT_TARGET = 17.6;
				LD_RUNPATH_SEARCH_PATHS = (
					"$(inherited)",
					"@executable_path/Frameworks",
				);
				MARKETING_VERSION = 1.2;
				PRODUCT_BUNDLE_IDENTIFIER = com.lowbytestudio.MetalDetector;
				PRODUCT_NAME = "$(TARGET_NAME)";
				STRING_CATALOG_GENERATE_SYMBOLS = YES;
				SWIFT_APPROACHABLE_CONCURRENCY = YES;
				SWIFT_DEFAULT_ACTOR_ISOLATION = MainActor;
				SWIFT_EMIT_LOC_STRINGS = YES;
				SWIFT_UPCOMING_FEATURE_MEMBER_IMPORT_VISIBILITY = YES;
				SWIFT_VERSION = 5.0;
				TARGETED_DEVICE_FAMILY = "1,2";
			};
			name = Debug;
		};
		5DE395352ED824A400672CDC /* Release */ = {
			isa = XCBuildConfiguration;
			buildSettings = {
				ASSETCATALOG_COMPILER_APPICON_NAME = AppIcon;
				ASSETCATALOG_COMPILER_GLOBAL_ACCENT_COLOR_NAME = AccentColor;
				CODE_SIGN_STYLE = Automatic;
				CURRENT_PROJECT_VERSION = 1;
				DEVELOPMENT_TEAM = V5QZS9L352;
				ENABLE_PREVIEWS = YES;
				GENERATE_INFOPLIST_FILE = YES;
				INFOPLIST_FILE = "Metal-Detector-IOS-Info.plist";
				INFOPLIST_KEY_CFBundleDisplayName = "";
				INFOPLIST_KEY_LSApplicationCategoryType = "";
				INFOPLIST_KEY_NSUserTrackingUsageDescription = "We use tracking to show you personalized ads and improve your app experience. Your data helps us provide better content.";
				INFOPLIST_KEY_UIApplicationSceneManifest_Generation = YES;
				INFOPLIST_KEY_UIApplicationSupportsIndirectInputEvents = YES;
				INFOPLIST_KEY_UILaunchScreen_Generation = YES;
				INFOPLIST_KEY_UISupportedInterfaceOrientations_iPad = "UIInterfaceOrientationPortrait UIInterfaceOrientationPortraitUpsideDown UIInterfaceOrientationLandscapeLeft UIInterfaceOrientationLandscapeRight";
				INFOPLIST_KEY_UISupportedInterfaceOrientations_iPhone = "UIInterfaceOrientationPortrait UIInterfaceOrientationLandscapeLeft UIInterfaceOrientationLandscapeRight";
				IPHONEOS_DEPLOYMENT_TARGET = 17.6;
				LD_RUNPATH_SEARCH_PATHS = (
					"$(inherited)",
					"@executable_path/Frameworks",
				);
				MARKETING_VERSION = 1.2;
				PRODUCT_BUNDLE_IDENTIFIER = com.lowbytestudio.MetalDetector;
				PRODUCT_NAME = "$(TARGET_NAME)";
				STRING_CATALOG_GENERATE_SYMBOLS = YES;
				SWIFT_APPROACHABLE_CONCURRENCY = YES;
				SWIFT_DEFAULT_ACTOR_ISOLATION = MainActor;
				SWIFT_EMIT_LOC_STRINGS = YES;
				SWIFT_UPCOMING_FEATURE_MEMBER_IMPORT_VISIBILITY = YES;
				SWIFT_VERSION = 5.0;
				TARGETED_DEVICE_FAMILY = "1,2";
			};
			name = Release;
		};
/* End XCBuildConfiguration section */

/* Begin XCConfigurationList section */
		5DE395232ED824A300672CDC /* Build configuration list for PBXProject "Metal Detector IOS" */ = {
			isa = XCConfigurationList;
			buildConfigurations = (
				5DE395312ED824A400672CDC /* Debug */,
				5DE395322ED824A400672CDC /* Release */,
			);
			defaultConfigurationIsVisible = 0;
			defaultConfigurationName = Release;
		};
		5DE395332ED824A400672CDC /* Build configuration list for PBXNativeTarget "Metal Detector" */ = {
			isa = XCConfigurationList;
			buildConfigurations = (
				5DE395342ED824A400672CDC /* Debug */,
				5DE395352ED824A400672CDC /* Release */,
			);
			defaultConfigurationIsVisible = 0;
			defaultConfigurationName = Release;
		};
/* End XCConfigurationList section */

/* Begin XCRemoteSwiftPackageReference section */
		5D8888E82EDDF1900057C2CF /* XCRemoteSwiftPackageReference "firebase-ios-sdk" */ = {
			isa = XCRemoteSwiftPackageReference;
			repositoryURL = "https://github.com/firebase/firebase-ios-sdk";
			requirement = {
				kind = upToNextMajorVersion;
				minimumVersion = 12.6.0;
			};
		};
		5D8889A72EDF08670057C2CF /* XCRemoteSwiftPackageReference "swift-package-manager-google-mobile-ads" */ = {
			isa = XCRemoteSwiftPackageReference;
			repositoryURL = "https://github.com/googleads/swift-package-manager-google-mobile-ads.git";
			requirement = {
				kind = upToNextMajorVersion;
				minimumVersion = 12.14.0;
			};
		};
		5DBDEF432EE9A9D600B7F9D8 /* XCRemoteSwiftPackageReference "ios_sdk" */ = {
			isa = XCRemoteSwiftPackageReference;
			repositoryURL = "https://github.com/adjust/ios_sdk.git";
			requirement = {
				branch = master;
				kind = branch;
			};
		};
		5DE395412ED826D000672CDC /* XCRemoteSwiftPackageReference "lottie-spm" */ = {
			isa = XCRemoteSwiftPackageReference;
			repositoryURL = "https://github.com/airbnb/lottie-spm.git";
			requirement = {
				kind = upToNextMajorVersion;
				minimumVersion = 4.5.2;
			};
		};
/* End XCRemoteSwiftPackageReference section */

/* Begin XCSwiftPackageProductDependency section */
		5D8888E92EDDF1900057C2CF /* FirebaseAnalytics */ = {
			isa = XCSwiftPackageProductDependency;
			package = 5D8888E82EDDF1900057C2CF /* XCRemoteSwiftPackageReference "firebase-ios-sdk" */;
			productName = FirebaseAnalytics;
		};
		5D8888EB2EDDF1900057C2CF /* FirebaseAnalyticsCore */ = {
			isa = XCSwiftPackageProductDependency;
			package = 5D8888E82EDDF1900057C2CF /* XCRemoteSwiftPackageReference "firebase-ios-sdk" */;
			productName = FirebaseAnalyticsCore;
		};
		5D8888ED2EDDF1900057C2CF /* FirebaseAnalyticsIdentitySupport */ = {
			isa = XCSwiftPackageProductDependency;
			package = 5D8888E82EDDF1900057C2CF /* XCRemoteSwiftPackageReference "firebase-ios-sdk" */;
			productName = FirebaseAnalyticsIdentitySupport;
		};
		5D8888EF2EDDF1900057C2CF /* FirebaseAppCheck */ = {
			isa = XCSwiftPackageProductDependency;
			package = 5D8888E82EDDF1900057C2CF /* XCRemoteSwiftPackageReference "firebase-ios-sdk" */;
			productName = FirebaseAppCheck;
		};
		5D8888F12EDDF1900057C2CF /* FirebaseAppDistribution-Beta */ = {
			isa = XCSwiftPackageProductDependency;
			package = 5D8888E82EDDF1900057C2CF /* XCRemoteSwiftPackageReference "firebase-ios-sdk" */;
			productName = "FirebaseAppDistribution-Beta";
		};
		5D8888F32EDDF1900057C2CF /* FirebaseAuth */ = {
			isa = XCSwiftPackageProductDependency;
			package = 5D8888E82EDDF1900057C2CF /* XCRemoteSwiftPackageReference "firebase-ios-sdk" */;
			productName = FirebaseAuth;
		};
		5D8888F52EDDF1900057C2CF /* FirebaseAuthCombine-Community */ = {
			isa = XCSwiftPackageProductDependency;
			package = 5D8888E82EDDF1900057C2CF /* XCRemoteSwiftPackageReference "firebase-ios-sdk" */;
			productName = "FirebaseAuthCombine-Community";
		};
		5D8888F72EDDF1900057C2CF /* FirebaseCore */ = {
			isa = XCSwiftPackageProductDependency;
			package = 5D8888E82EDDF1900057C2CF /* XCRemoteSwiftPackageReference "firebase-ios-sdk" */;
			productName = FirebaseCore;
		};
		5D8888F92EDDF1900057C2CF /* FirebaseCrashlytics */ = {
			isa = XCSwiftPackageProductDependency;
			package = 5D8888E82EDDF1900057C2CF /* XCRemoteSwiftPackageReference "firebase-ios-sdk" */;
			productName = FirebaseCrashlytics;
		};
		5D8888FB2EDDF1900057C2CF /* FirebaseDatabase */ = {
			isa = XCSwiftPackageProductDependency;
			package = 5D8888E82EDDF1900057C2CF /* XCRemoteSwiftPackageReference "firebase-ios-sdk" */;
			productName = FirebaseDatabase;
		};
		5D8888FD2EDDF1900057C2CF /* FirebaseFirestore */ = {
			isa = XCSwiftPackageProductDependency;
			package = 5D8888E82EDDF1900057C2CF /* XCRemoteSwiftPackageReference "firebase-ios-sdk" */;
			productName = FirebaseFirestore;
		};
		5D8888FF2EDDF1900057C2CF /* FirebaseFirestoreCombine-Community */ = {
			isa = XCSwiftPackageProductDependency;
			package = 5D8888E82EDDF1900057C2CF /* XCRemoteSwiftPackageReference "firebase-ios-sdk" */;
			productName = "FirebaseFirestoreCombine-Community";
		};
		5D8889012EDDF1900057C2CF /* FirebaseInstallations */ = {
			isa = XCSwiftPackageProductDependency;
			package = 5D8888E82EDDF1900057C2CF /* XCRemoteSwiftPackageReference "firebase-ios-sdk" */;
			productName = FirebaseInstallations;
		};
		5D8889032EDDF1900057C2CF /* FirebaseMessaging */ = {
			isa = XCSwiftPackageProductDependency;
			package = 5D8888E82EDDF1900057C2CF /* XCRemoteSwiftPackageReference "firebase-ios-sdk" */;
			productName = FirebaseMessaging;
		};
		5D8889052EDDF1900057C2CF /* FirebaseRemoteConfig */ = {
			isa = XCSwiftPackageProductDependency;
			package = 5D8888E82EDDF1900057C2CF /* XCRemoteSwiftPackageReference "firebase-ios-sdk" */;
			productName = FirebaseRemoteConfig;
		};
		5D8889072EDDF1900057C2CF /* FirebaseStorage */ = {
			isa = XCSwiftPackageProductDependency;
			package = 5D8888E82EDDF1900057C2CF /* XCRemoteSwiftPackageReference "firebase-ios-sdk" */;
			productName = FirebaseStorage;
		};
		5D8889092EDDF1900057C2CF /* FirebaseStorageCombine-Community */ = {
			isa = XCSwiftPackageProductDependency;
			package = 5D8888E82EDDF1900057C2CF /* XCRemoteSwiftPackageReference "firebase-ios-sdk" */;
			productName = "FirebaseStorageCombine-Community";
		};
		5D8889A82EDF08670057C2CF /* GoogleMobileAds */ = {
			isa = XCSwiftPackageProductDependency;
			package = 5D8889A72EDF08670057C2CF /* XCRemoteSwiftPackageReference "swift-package-manager-google-mobile-ads" */;
			productName = GoogleMobileAds;
		};
		5DBDEF442EE9A9D600B7F9D8 /* AdjustSdk */ = {
			isa = XCSwiftPackageProductDependency;
			package = 5DBDEF432EE9A9D600B7F9D8 /* XCRemoteSwiftPackageReference "ios_sdk" */;
			productName = AdjustSdk;
		};
		5DE395422ED826D000672CDC /* Lottie */ = {
			isa = XCSwiftPackageProductDependency;
			package = 5DE395412ED826D000672CDC /* XCRemoteSwiftPackageReference "lottie-spm" */;
			productName = Lottie;
		};
/* End XCSwiftPackageProductDependency section */
	};
	rootObject = 5DE395202ED824A300672CDC /* Project object */;
}
